{
  "name": "go-sitter-forest",
  "lockfileVersion": 3,
  "requires": true,
  "packages": {
    "": {
      "dependencies": {
        "@muniftanjim/tree-sitter-lua": "^0.0.19",
        "@tree-sitter-grammars/tree-sitter-lua": "0.1.0",
        "nan": "^2.20.0",
        "regexp-util": "^2.0.0",
        "tree-sitter-c": "^0.23.0",
        "tree-sitter-cli": "^0.23.0",
        "tree-sitter-clojure": "git@github.com:theHamsta/tree-sitter-clojure-1.git#95c7959c461406381b42113dcf4591008c663d21",
        "tree-sitter-cpp": "^0.23.0",
        "tree-sitter-css": "^0.23.0",
        "tree-sitter-embedded-template": "^0.23.0",
        "tree-sitter-go": "^0.23.1",
        "tree-sitter-hlsl": "git://github.com/theHamsta/tree-sitter-hlsl.git",
        "tree-sitter-html": "^0.23.0",
        "tree-sitter-javascript": "^0.23.0",
        "tree-sitter-json": "^0.23.0",
        "tree-sitter-jsonc": "^0.3.0",
        "tree-sitter-php": "0.22.2",
        "tree-sitter-python": "^0.23.2",
        "tree-sitter-rust": "^0.23.0",
        "tree-sitter-typescript": "^0.23.0",
        "tree-sitter-wgsl": "git://github.com/szebniok/tree-sitter-wgsl.git"
      },
      "engines": {
        "node": ">=20.11.1",
        "npm": ">=10.2.4"
      }
    },
    "node_modules/@muniftanjim/tree-sitter-lua": {
      "version": "0.0.19",
      "resolved": "https://registry.npmjs.org/@muniftanjim/tree-sitter-lua/-/tree-sitter-lua-0.0.19.tgz",
      "integrity": "sha512-oYEaMI3AAl/KY2D/kLWIKSTYW7lsmtYZNqa1YneqL/Nf95tdYwhczUgqXGyNMHRrtzDItkgif219PvMpv9IECw==",
      "deprecated": "Moved to @tree-sitter-grammars/tree-sitter-lua",
      "hasInstallScript": true,
      "dependencies": {
        "nan": "^2.17.0"
      }
    },
    "node_modules/@tree-sitter-grammars/tree-sitter-lua": {
      "version": "0.1.0",
      "resolved": "https://registry.npmjs.org/@tree-sitter-grammars/tree-sitter-lua/-/tree-sitter-lua-0.1.0.tgz",
      "integrity": "sha512-WmyU+fz+K6YApkMH/ZmS+H/1M3JvVgWRkOMHXJEBU3cCrmvY5u3/8eB87xLRm9lmVkxaPurakjmDgdRUI7Tipg==",
      "hasInstallScript": true,
      "dependencies": {
        "node-addon-api": "^7.1.0",
        "node-gyp-build": "^4.8.0"
      },
      "peerDependencies": {
        "tree-sitter": "^0.21.0"
      },
      "peerDependenciesMeta": {
        "tree_sitter": {
          "optional": true
        }
      }
    },
    "node_modules/nan": {
      "version": "2.20.0",
      "resolved": "https://registry.npmjs.org/nan/-/nan-2.20.0.tgz",
      "integrity": "sha512-bk3gXBZDGILuuo/6sKtr0DQmSThYHLtNCdSdXk9YkxD/jK6X2vmCyyXBBxyqZ4XcnzTyYEAThfX3DCEnLf6igw=="
    },
    "node_modules/node-addon-api": {
      "version": "7.1.0",
      "resolved": "https://registry.npmjs.org/node-addon-api/-/node-addon-api-7.1.0.tgz",
      "integrity": "sha512-mNcltoe1R8o7STTegSOHdnJNN7s5EUvhoS7ShnTHDyOSd+8H+UdWODq6qSv67PjC8Zc5JRT8+oLAMCr0SIXw7g==",
      "engines": {
        "node": "^16 || ^18 || >= 20"
      }
    },
    "node_modules/node-gyp-build": {
      "version": "4.8.2",
      "resolved": "https://registry.npmjs.org/node-gyp-build/-/node-gyp-build-4.8.2.tgz",
      "integrity": "sha512-IRUxE4BVsHWXkV/SFOut4qTlagw2aM8T5/vnTsmrHJvVoKueJHRc/JaFND7QDDc61kLYUJ6qlZM3sqTSyx2dTw==",
      "bin": {
        "node-gyp-build": "bin.js",
        "node-gyp-build-optional": "optional.js",
        "node-gyp-build-test": "build-test.js"
      }
    },
    "node_modules/regexp-util": {
      "version": "2.0.0",
      "resolved": "https://registry.npmjs.org/regexp-util/-/regexp-util-2.0.0.tgz",
      "integrity": "sha512-HbLDPF+RkBiPjlzmU0hnUQd4abs56JiA2riHxNVfxjagcGwIy3Xhc2Yyx2+0/p5QeM0kj270nEOlTj57HvWXFA==",
      "dependencies": {
        "tslib": "^2.6.0"
      },
      "engines": {
        "node": ">=16"
      }
    },
    "node_modules/tree-sitter-c": {
      "version": "0.23.0",
      "resolved": "https://registry.npmjs.org/tree-sitter-c/-/tree-sitter-c-0.23.0.tgz",
      "integrity": "sha512-ZruwnqyMrTFEvDuglqpiN7Rjh8wczh7afNMRJGK/AHdCwmtcmUzZeOiF8ZDskryoWhmAzrMHQdhpV2bj2ohQNg==",
      "hasInstallScript": true,
      "dependencies": {
        "node-addon-api": "^8.1.0",
        "node-gyp-build": "^4.8.2"
      },
      "peerDependencies": {
        "tree-sitter": "^0.21.0"
      },
      "peerDependenciesMeta": {
        "tree-sitter": {
          "optional": true
        }
      }
    },
    "node_modules/tree-sitter-c/node_modules/node-addon-api": {
      "version": "8.1.0",
      "resolved": "https://registry.npmjs.org/node-addon-api/-/node-addon-api-8.1.0.tgz",
      "integrity": "sha512-yBY+qqWSv3dWKGODD6OGE6GnTX7Q2r+4+DfpqxHSHh8x0B4EKP9+wVGLS6U/AM1vxSNNmUEuIV5EGhYwPpfOwQ==",
      "engines": {
        "node": "^18 || ^20 || >= 21"
      }
    },
    "node_modules/tree-sitter-cli": {
      "version": "0.23.0",
      "resolved": "https://registry.npmjs.org/tree-sitter-cli/-/tree-sitter-cli-0.23.0.tgz",
      "integrity": "sha512-/DdQaPCCOrOYGp9FxGdhFUnHIrjhfbYatQXgNIcmaAOpPunpnDj2vsO/H+svsfQLaFsQ1C+BjgPhpbV28zka1w==",
      "hasInstallScript": true,
      "bin": {
        "tree-sitter": "cli.js"
      },
      "engines": {
        "node": ">=12.0.0"
      }
    },
    "node_modules/tree-sitter-clojure": {
      "version": "0.0.8",
      "resolved": "git+ssh://git@github.com/theHamsta/tree-sitter-clojure-1.git#95c7959c461406381b42113dcf4591008c663d21",
      "integrity": "sha512-+iYlO0lZagS2zRNwE5RLdGxbmydwlsYXqbp1hDJMmIMVZqebzQpuOra0YhHhlNQqjw3Nz4QLdSD2RN0JvbUrLQ==",
      "dependencies": {
        "nan": "2.14.2",
        "web-tree-sitter": "0.19.1"
      }
    },
    "node_modules/tree-sitter-clojure/node_modules/nan": {
      "version": "2.14.2",
      "resolved": "https://registry.npmjs.org/nan/-/nan-2.14.2.tgz",
      "integrity": "sha512-M2ufzIiINKCuDfBSAUr1vWQ+vuVcA9kqx8JJUsbQi6yf1uGRyb7HfpdfUr5qLXf3B/t8dPvcjhKMmlfnP47EzQ=="
    },
    "node_modules/tree-sitter-cpp": {
      "version": "0.23.0",
      "resolved": "https://registry.npmjs.org/tree-sitter-cpp/-/tree-sitter-cpp-0.23.0.tgz",
      "integrity": "sha512-SpPEijWCKzC92soaQlomrq9+1/U64OqqFD1n/QxYXMAXVqgcAVijHJ8Lrs4v1YzDq+MFmIj8GgO3Ve4Ub0EAQw==",
      "hasInstallScript": true,
      "dependencies": {
        "node-addon-api": "^8.1.0",
        "node-gyp-build": "^4.8.2"
      },
      "peerDependencies": {
        "tree-sitter": "^0.21.1"
      },
      "peerDependenciesMeta": {
        "tree-sitter": {
          "optional": true
        }
      }
    },
    "node_modules/tree-sitter-cpp/node_modules/node-addon-api": {
      "version": "8.1.0",
      "resolved": "https://registry.npmjs.org/node-addon-api/-/node-addon-api-8.1.0.tgz",
      "integrity": "sha512-yBY+qqWSv3dWKGODD6OGE6GnTX7Q2r+4+DfpqxHSHh8x0B4EKP9+wVGLS6U/AM1vxSNNmUEuIV5EGhYwPpfOwQ==",
      "engines": {
        "node": "^18 || ^20 || >= 21"
      }
    },
    "node_modules/tree-sitter-css": {
      "version": "0.23.0",
      "resolved": "https://registry.npmjs.org/tree-sitter-css/-/tree-sitter-css-0.23.0.tgz",
      "integrity": "sha512-Gd5NG/PN8R7fwI9+M9DoCRnKPcw1teUdIxwUsf/as8Yo37R7ZvsHagHhrrs1ZTRtXC7RaMFO9MJv/pBb2dtt9A==",
      "hasInstallScript": true,
      "dependencies": {
        "node-addon-api": "^8.1.0",
        "node-gyp-build": "^4.8.2"
      },
      "peerDependencies": {
        "tree-sitter": "^0.21.0"
      },
      "peerDependenciesMeta": {
        "tree_sitter": {
          "optional": true
        }
      }
    },
    "node_modules/tree-sitter-css/node_modules/node-addon-api": {
      "version": "8.1.0",
      "resolved": "https://registry.npmjs.org/node-addon-api/-/node-addon-api-8.1.0.tgz",
      "integrity": "sha512-yBY+qqWSv3dWKGODD6OGE6GnTX7Q2r+4+DfpqxHSHh8x0B4EKP9+wVGLS6U/AM1vxSNNmUEuIV5EGhYwPpfOwQ==",
      "engines": {
        "node": "^18 || ^20 || >= 21"
      }
    },
    "node_modules/tree-sitter-embedded-template": {
      "version": "0.23.0",
      "resolved": "https://registry.npmjs.org/tree-sitter-embedded-template/-/tree-sitter-embedded-template-0.23.0.tgz",
      "integrity": "sha512-IVRwVZ1F9oO4euh6pn3Dl57mZVlnfsgFnub3sKKn8Vtz93rTPNr+uPFf01wfLOCYGAW8o3BJ6OdHueuCfgPmrA==",
      "hasInstallScript": true,
      "dependencies": {
        "node-addon-api": "^8.1.0",
        "node-gyp-build": "^4.8.2"
      },
      "peerDependencies": {
        "tree-sitter": "^0.21.0"
      },
      "peerDependenciesMeta": {
        "tree-sitter": {
          "optional": true
        }
      }
    },
    "node_modules/tree-sitter-embedded-template/node_modules/node-addon-api": {
      "version": "8.2.0",
      "resolved": "https://registry.npmjs.org/node-addon-api/-/node-addon-api-8.2.0.tgz",
      "integrity": "sha512-qnyuI2ROiCkye42n9Tj5aX1ns7rzj6n7zW1XReSnLSL9v/vbLeR6fJq6PU27YU/ICfYw6W7Ouk/N7cysWu/hlw==",
      "engines": {
        "node": "^18 || ^20 || >= 21"
      }
    },
    "node_modules/tree-sitter-go": {
      "version": "0.23.1",
      "resolved": "https://registry.npmjs.org/tree-sitter-go/-/tree-sitter-go-0.23.1.tgz",
      "integrity": "sha512-WfDdd/OVwzShWkhBoh2f3nE2VBhffOGpOrTHEI7z80Yjh3TcdPp3OCryYOStYwaDdSK4+f5ZUO9dMtpXsYRRoA==",
      "hasInstallScript": true,
      "dependencies": {
        "node-addon-api": "^8.1.0",
        "node-gyp-build": "^4.8.2"
      },
      "peerDependencies": {
        "tree-sitter": "^0.21.0"
      },
      "peerDependenciesMeta": {
        "tree_sitter": {
          "optional": true
        }
      }
    },
    "node_modules/tree-sitter-go/node_modules/node-addon-api": {
      "version": "8.1.0",
      "resolved": "https://registry.npmjs.org/node-addon-api/-/node-addon-api-8.1.0.tgz",
      "integrity": "sha512-yBY+qqWSv3dWKGODD6OGE6GnTX7Q2r+4+DfpqxHSHh8x0B4EKP9+wVGLS6U/AM1vxSNNmUEuIV5EGhYwPpfOwQ==",
      "engines": {
        "node": "^18 || ^20 || >= 21"
      }
    },
    "node_modules/tree-sitter-hlsl": {
      "version": "0.1.5",
      "resolved": "git+ssh://git@github.com/theHamsta/tree-sitter-hlsl.git#80517ca13317fb8591503c0d99f2ad76e8979a72",
      "hasInstallScript": true,
      "dependencies": {
        "node-addon-api": "^7.1.0",
        "node-gyp-build": "^4.8.0"
      },
      "peerDependencies": {
        "tree-sitter": "^0.21.0"
      },
      "peerDependenciesMeta": {
        "tree_sitter": {
          "optional": true
        }
      }
    },
    "node_modules/tree-sitter-html": {
      "version": "0.23.0",
      "resolved": "https://registry.npmjs.org/tree-sitter-html/-/tree-sitter-html-0.23.0.tgz",
      "integrity": "sha512-k0R7uv2RKOBuvjkdPqv5quJgbHev4nuQqm38HLrIVDaJ7aANoPQonyl7/6Yh4qy5Fg7eJcWUbRpfe0KcHEwckA==",
      "hasInstallScript": true,
      "dependencies": {
        "node-addon-api": "^8.1.0",
        "node-gyp-build": "^4.8.2"
      },
      "peerDependencies": {
        "tree-sitter": "^0.21.1"
      },
      "peerDependenciesMeta": {
        "tree-sitter": {
          "optional": true
        }
      }
    },
    "node_modules/tree-sitter-html/node_modules/node-addon-api": {
      "version": "8.1.0",
      "resolved": "https://registry.npmjs.org/node-addon-api/-/node-addon-api-8.1.0.tgz",
      "integrity": "sha512-yBY+qqWSv3dWKGODD6OGE6GnTX7Q2r+4+DfpqxHSHh8x0B4EKP9+wVGLS6U/AM1vxSNNmUEuIV5EGhYwPpfOwQ==",
      "engines": {
        "node": "^18 || ^20 || >= 21"
      }
    },
    "node_modules/tree-sitter-javascript": {
      "version": "0.23.0",
      "resolved": "https://registry.npmjs.org/tree-sitter-javascript/-/tree-sitter-javascript-0.23.0.tgz",
      "integrity": "sha512-xw0nc8P/u+uhoRuKmalcv/3OGGLtaeVWx/NpqAHXPvJsdSPdkx+IoRod4W4hw1zDNj1V6xzJgdATk0IPNUNy3w==",
      "hasInstallScript": true,
      "dependencies": {
        "node-addon-api": "^8.1.0",
        "node-gyp-build": "^4.8.2"
      },
      "peerDependencies": {
        "tree-sitter": "^0.21.1"
      },
      "peerDependenciesMeta": {
        "tree-sitter": {
          "optional": true
        }
      }
    },
    "node_modules/tree-sitter-javascript/node_modules/node-addon-api": {
      "version": "8.1.0",
      "resolved": "https://registry.npmjs.org/node-addon-api/-/node-addon-api-8.1.0.tgz",
      "integrity": "sha512-yBY+qqWSv3dWKGODD6OGE6GnTX7Q2r+4+DfpqxHSHh8x0B4EKP9+wVGLS6U/AM1vxSNNmUEuIV5EGhYwPpfOwQ==",
      "engines": {
        "node": "^18 || ^20 || >= 21"
      }
    },
    "node_modules/tree-sitter-json": {
      "version": "0.23.0",
      "resolved": "https://registry.npmjs.org/tree-sitter-json/-/tree-sitter-json-0.23.0.tgz",
      "integrity": "sha512-I51qpUM/vuQWNhg00HmBJdzU0mCwqm43UPynTRC4SrFWIY7TrBrAdyeN/EWUwRoZvvppp0qN/Yu55MrH9vAhXg==",
      "hasInstallScript": true,
      "dependencies": {
        "node-addon-api": "^8.1.0",
        "node-gyp-build": "^4.8.2"
      },
      "peerDependencies": {
        "tree-sitter": "^0.21.0"
      },
      "peerDependenciesMeta": {
        "tree_sitter": {
          "optional": true
        }
      }
    },
    "node_modules/tree-sitter-json/node_modules/node-addon-api": {
      "version": "8.1.0",
      "resolved": "https://registry.npmjs.org/node-addon-api/-/node-addon-api-8.1.0.tgz",
      "integrity": "sha512-yBY+qqWSv3dWKGODD6OGE6GnTX7Q2r+4+DfpqxHSHh8x0B4EKP9+wVGLS6U/AM1vxSNNmUEuIV5EGhYwPpfOwQ==",
      "engines": {
        "node": "^18 || ^20 || >= 21"
      }
    },
    "node_modules/tree-sitter-jsonc": {
      "version": "0.3.0",
      "resolved": "https://registry.npmjs.org/tree-sitter-jsonc/-/tree-sitter-jsonc-0.3.0.tgz",
      "integrity": "sha512-nfJ7mODnGiDa3qLwkSeUPnSnqpbl38uaiQy74/xePB1r7b5RQeFTwJS6w5EA/lTE73e+xcZ0UyetnqOOOCzsvg==",
      "hasInstallScript": true,
      "dependencies": {
        "nan": "^2.14.2",
        "tree-sitter-json": "^0.19.0"
      }
    },
    "node_modules/tree-sitter-jsonc/node_modules/tree-sitter-json": {
      "version": "0.19.0",
      "resolved": "https://registry.npmjs.org/tree-sitter-json/-/tree-sitter-json-0.19.0.tgz",
      "integrity": "sha512-XospLJCiv/xTS6n4llBhXGCEDvnt30oEZr1Eo7qD9YgMJgEmjhQ/036Qx5kclB21CrP6CLWVudgjQZZ4LAMG8A==",
      "hasInstallScript": true,
      "dependencies": {
        "nan": "^2.14.1"
      }
    },
    "node_modules/tree-sitter-php": {
      "version": "0.22.2",
      "resolved": "https://registry.npmjs.org/tree-sitter-php/-/tree-sitter-php-0.22.2.tgz",
      "integrity": "sha512-DPu8nsFR2q9ocjefP3hhTDa6IDVaCQbPOFi/ElMUGiWvql6k8SKX2DUjzRcfbWNpLDAh30k7oQgC3Gmq3bhlsQ==",
      "hasInstallScript": true,
      "dependencies": {
        "nan": "^2.18.0"
      }
    },
    "node_modules/tree-sitter-python": {
      "version": "0.23.2",
      "resolved": "https://registry.npmjs.org/tree-sitter-python/-/tree-sitter-python-0.23.2.tgz",
      "integrity": "sha512-QD9PbfIhlFZX3+hh5HPD8MGLIbV+CBxviyDpLRLceNCxI2ClPv8glu9TmLKaVoaWGMfDtBrU9UikRAbJ/4litA==",
      "hasInstallScript": true,
      "dependencies": {
        "node-addon-api": "^8.1.0",
        "node-gyp-build": "^4.8.2"
      },
      "peerDependencies": {
        "tree-sitter": "^0.21.0"
      },
      "peerDependenciesMeta": {
        "tree-sitter": {
          "optional": true
        }
      }
    },
    "node_modules/tree-sitter-python/node_modules/node-addon-api": {
      "version": "8.1.0",
      "resolved": "https://registry.npmjs.org/node-addon-api/-/node-addon-api-8.1.0.tgz",
      "integrity": "sha512-yBY+qqWSv3dWKGODD6OGE6GnTX7Q2r+4+DfpqxHSHh8x0B4EKP9+wVGLS6U/AM1vxSNNmUEuIV5EGhYwPpfOwQ==",
      "engines": {
        "node": "^18 || ^20 || >= 21"
      }
    },
    "node_modules/tree-sitter-rust": {
      "version": "0.23.0",
      "resolved": "https://registry.npmjs.org/tree-sitter-rust/-/tree-sitter-rust-0.23.0.tgz",
      "integrity": "sha512-vbb5ESloUtrRZMFA5EOgR56DMq6Ijb22PdG2zwsw8pdByYGLo0DxOmLp5KQce5rwNoZgEEp5/IiCN243TxQKIg==",
      "hasInstallScript": true,
      "dependencies": {
        "node-addon-api": "^8.1.0",
        "node-gyp-build": "^4.8.2"
      },
      "peerDependencies": {
        "tree-sitter": "^0.21.1"
      },
      "peerDependenciesMeta": {
        "tree-sitter": {
          "optional": true
        }
      }
    },
    "node_modules/tree-sitter-rust/node_modules/node-addon-api": {
      "version": "8.1.0",
      "resolved": "https://registry.npmjs.org/node-addon-api/-/node-addon-api-8.1.0.tgz",
      "integrity": "sha512-yBY+qqWSv3dWKGODD6OGE6GnTX7Q2r+4+DfpqxHSHh8x0B4EKP9+wVGLS6U/AM1vxSNNmUEuIV5EGhYwPpfOwQ==",
      "engines": {
        "node": "^18 || ^20 || >= 21"
      }
    },
    "node_modules/tree-sitter-typescript": {
      "version": "0.23.0",
      "resolved": "https://registry.npmjs.org/tree-sitter-typescript/-/tree-sitter-typescript-0.23.0.tgz",
      "integrity": "sha512-hRy5O9d+9ON4HxIWWxkI4zonrw2v/WNN1JoiGW5HkXfC9K2R3p53ugMvs6Vs4T7ASCwggsoQ75LNdgpExC/zgQ==",
      "hasInstallScript": true,
      "dependencies": {
        "node-addon-api": "^8.1.0",
        "node-gyp-build": "^4.8.2"
      },
      "peerDependencies": {
        "tree-sitter": "^0.21.0"
      },
      "peerDependenciesMeta": {
        "tree_sitter": {
          "optional": true
        }
      }
    },
    "node_modules/tree-sitter-typescript/node_modules/node-addon-api": {
      "version": "8.1.0",
      "resolved": "https://registry.npmjs.org/node-addon-api/-/node-addon-api-8.1.0.tgz",
      "integrity": "sha512-yBY+qqWSv3dWKGODD6OGE6GnTX7Q2r+4+DfpqxHSHh8x0B4EKP9+wVGLS6U/AM1vxSNNmUEuIV5EGhYwPpfOwQ==",
      "engines": {
        "node": "^18 || ^20 || >= 21"
      }
    },
    "node_modules/tree-sitter-wgsl": {
      "version": "0.1.0",
      "resolved": "git+ssh://git@github.com/szebniok/tree-sitter-wgsl.git#40259f3c77ea856841a4e0c4c807705f3e4a2b65",
      "hasInstallScript": true,
      "license": "MIT",
      "dependencies": {
        "nan": "^2.14.2"
      }
    },
    "node_modules/tslib": {
      "version": "2.6.2",
      "resolved": "https://registry.npmjs.org/tslib/-/tslib-2.6.2.tgz",
      "integrity": "sha512-AEYxH93jGFPn/a2iVAwW87VuUIkR1FVUKB77NwMF7nBTDkDrrT/Hpt/IrCJ0QXhW27jTBDcf5ZY7w6RiqTMw2Q=="
    },
    "node_modules/web-tree-sitter": {
      "version": "0.19.1",
      "resolved": "https://registry.npmjs.org/web-tree-sitter/-/web-tree-sitter-0.19.1.tgz",
      "integrity": "sha512-Wlveh+zdegmNdK733B18pf+NmliKs2t5+Aid8IOFIBV2MqJmnYVo3AdukbdZJ+iIxzBnIreYFKfcFFCWVEf4AA=="
    }
  }
}
